
Microsoft Visual Studio Solution File, Format Version 12.00
Project("{FAE04EC0-301F-11D3-BF4B-00C04F79EFBC}") = "EmployeeManagement.API", "EmployeeManagement.API\EmployeeManagement.API.csproj", "{53000EA5-AE1D-4220-84D0-4C0CC185F5A5}"
EndProject
Project("{FAE04EC0-301F-11D3-BF4B-00C04F79EFBC}") = "EmployeeManagementLibrary", "EmployeeManagementLibrary\EmployeeManagementLibrary.csproj", "{0AB85EB4-DF3F-4957-9EAF-B66BDD2BA43A}"
EndProject
Global
	GlobalSection(SolutionConfigurationPlatforms) = preSolution
		Debug|Any CPU = Debug|Any CPU
		Release|Any CPU = Release|Any CPU
	EndGlobalSection
	GlobalSection(ProjectConfigurationPlatforms) = postSolution
		{53000EA5-AE1D-4220-84D0-4C0CC185F5A5}.Debug|Any CPU.ActiveCfg = Debug|Any CPU
		{53000EA5-AE1D-4220-84D0-4C0CC185F5A5}.Debug|Any CPU.Build.0 = Debug|Any CPU
		{53000EA5-AE1D-4220-84D0-4C0CC185F5A5}.Release|Any CPU.ActiveCfg = Release|Any CPU
		{53000EA5-AE1D-4220-84D0-4C0CC185F5A5}.Release|Any CPU.Build.0 = Release|Any CPU
		{0AB85EB4-DF3F-4957-9EAF-B66BDD2BA43A}.Debug|Any CPU.ActiveCfg = Debug|Any CPU
		{0AB85EB4-DF3F-4957-9EAF-B66BDD2BA43A}.Debug|Any CPU.Build.0 = Debug|Any CPU
		{0AB85EB4-DF3F-4957-9EAF-B66BDD2BA43A}.Release|Any CPU.ActiveCfg = Release|Any CPU
		{0AB85EB4-DF3F-4957-9EAF-B66BDD2BA43A}.Release|Any CPU.Build.0 = Release|Any CPU
	EndGlobalSection
EndGlobal
